{
  "name": "Tridimensional_parcours",
  "lockfileVersion": 3,
  "requires": true,
  "packages": {
    "": {
      "dependencies": {
        "babylonjs": "^6.30.0"
      }
    },
    "node_modules/babylonjs": {
      "version": "6.30.0",
      "resolved": "https://registry.npmjs.org/babylonjs/-/babylonjs-6.30.0.tgz",
      "integrity": "sha512-e0HD8s84524doIPPa6yyjW6AcZdokmWhpx38U4nX1HNyTwSav90ty7sJ25ahQfY0j1ppqmOOCfxUImSB6f/4pw==",
      "hasInstallScript": true
    }
  }
}
